Microsoft Visual Studio Solution File, Format Version 12.00
# Visual Studio Version 17
VisualStudioVersion = 17.5.2.0
MinimumVisualStudioVersion = 10.0.40219.1
Project("{FAE04EC0-301F-11D3-BF4B-00C04F79EFBC}") = "ConsoleAkinator", "ConsoleAkinator.csproj", "{42B40E93-1D00-8678-B1F0-14C5D7A0D051}"
EndProject
Global
	GlobalSection(SolutionConfigurationPlatforms) = preSolution
		Debug|Any CPU = Debug|Any CPU
		Release|Any CPU = Release|Any CPU
	EndGlobalSection
	GlobalSection(ProjectConfigurationPlatforms) = postSolution
		{42B40E93-1D00-8678-B1F0-14C5D7A0D051}.Debug|Any CPU.ActiveCfg = Debug|Any CPU
		{42B40E93-1D00-8678-B1F0-14C5D7A0D051}.Debug|Any CPU.Build.0 = Debug|Any CPU
		{42B40E93-1D00-8678-B1F0-14C5D7A0D051}.Release|Any CPU.ActiveCfg = Release|Any CPU
		{42B40E93-1D00-8678-B1F0-14C5D7A0D051}.Release|Any CPU.Build.0 = Release|Any CPU
	EndGlobalSection
	GlobalSection(SolutionProperties) = preSolution
		HideSolutionNode = FALSE
	EndGlobalSection
	GlobalSection(ExtensibilityGlobals) = postSolution
		SolutionGuid = {F48F7177-F4E8-47FE-ABD9-F026AB44F3F8}
	EndGlobalSection
EndGlobal
